
Microsoft Visual Studio Solution File, Format Version 12.00
# Visual Studio Version 17
VisualStudioVersion = 17.0.32014.148
MinimumVisualStudioVersion = 10.0.40219.1
Project("{FAE04EC0-301F-11D3-BF4B-00C04F79EFBC}") = "CommanderGQL2", "CommanderGQL2\CommanderGQL2.csproj", "{834378DB-244B-4A85-BE23-7F6A4E787689}"
EndProject
Global
	GlobalSection(SolutionConfigurationPlatforms) = preSolution
		Debug|Any CPU = Debug|Any CPU
		Release|Any CPU = Release|Any CPU
	EndGlobalSection
	GlobalSection(ProjectConfigurationPlatforms) = postSolution
		{834378DB-244B-4A85-BE23-7F6A4E787689}.Debug|Any CPU.ActiveCfg = Debug|Any CPU
		{834378DB-244B-4A85-BE23-7F6A4E787689}.Debug|Any CPU.Build.0 = Debug|Any CPU
		{834378DB-244B-4A85-BE23-7F6A4E787689}.Release|Any CPU.ActiveCfg = Release|Any CPU
		{834378DB-244B-4A85-BE23-7F6A4E787689}.Release|Any CPU.Build.0 = Release|Any CPU
	EndGlobalSection
	GlobalSection(SolutionProperties) = preSolution
		HideSolutionNode = FALSE
	EndGlobalSection
	GlobalSection(ExtensibilityGlobals) = postSolution
		SolutionGuid = {2B4EB38C-34BB-48DA-B7D9-F26D962CC321}
	EndGlobalSection
EndGlobal
